// !$*UTF8*$!
{
	archiveVersion = 1;
	classes = {
	};
	objectVersion = 56;
	objects = {

/* Begin PBXBuildFile section */
		B530D8A32A72FC49005F5A4E /* Picture.swift in Sources */ = {isa = PBXBuildFile; fileRef = B530D8A22A72FC48005F5A4E /* Picture.swift */; };
		B5902D872A50A8030006AB8E /* AppDelegate.swift in Sources */ = {isa = PBXBuildFile; fileRef = B5902D862A50A8030006AB8E /* AppDelegate.swift */; };
		B5902D892A50A8030006AB8E /* SceneDelegate.swift in Sources */ = {isa = PBXBuildFile; fileRef = B5902D882A50A8030006AB8E /* SceneDelegate.swift */; };
		B5902D8B2A50A8030006AB8E /* ViewController.swift in Sources */ = {isa = PBXBuildFile; fileRef = B5902D8A2A50A8030006AB8E /* ViewController.swift */; };
		B5902D8E2A50A8030006AB8E /* Main.storyboard in Resources */ = {isa = PBXBuildFile; fileRef = B5902D8C2A50A8030006AB8E /* Main.storyboard */; };
		B5902D902A50A8050006AB8E /* Assets.xcassets in Resources */ = {isa = PBXBuildFile; fileRef = B5902D8F2A50A8050006AB8E /* Assets.xcassets */; };
		B5902D932A50A8050006AB8E /* LaunchScreen.storyboard in Resources */ = {isa = PBXBuildFile; fileRef = B5902D912A50A8050006AB8E /* LaunchScreen.storyboard */; };
		B5902DA72A50AD0E0006AB8E /* nssl0049.jpg in Resources */ = {isa = PBXBuildFile; fileRef = B5902D9D2A50AD0E0006AB8E /* nssl0049.jpg */; };
		B5902DA82A50AD0E0006AB8E /* nssl0046.jpg in Resources */ = {isa = PBXBuildFile; fileRef = B5902D9E2A50AD0E0006AB8E /* nssl0046.jpg */; };
		B5902DA92A50AD0E0006AB8E /* nssl0091.jpg in Resources */ = {isa = PBXBuildFile; fileRef = B5902D9F2A50AD0E0006AB8E /* nssl0091.jpg */; };
		B5902DAA2A50AD0E0006AB8E /* nssl0045.jpg in Resources */ = {isa = PBXBuildFile; fileRef = B5902DA02A50AD0E0006AB8E /* nssl0045.jpg */; };
		B5902DAB2A50AD0E0006AB8E /* nssl0051.jpg in Resources */ = {isa = PBXBuildFile; fileRef = B5902DA12A50AD0E0006AB8E /* nssl0051.jpg */; };
		B5902DAC2A50AD0E0006AB8E /* nssl0041.jpg in Resources */ = {isa = PBXBuildFile; fileRef = B5902DA22A50AD0E0006AB8E /* nssl0041.jpg */; };
		B5902DAD2A50AD0E0006AB8E /* nssl0042.jpg in Resources */ = {isa = PBXBuildFile; fileRef = B5902DA32A50AD0E0006AB8E /* nssl0042.jpg */; };
		B5902DAE2A50AD0E0006AB8E /* nssl0043.jpg in Resources */ = {isa = PBXBuildFile; fileRef = B5902DA42A50AD0E0006AB8E /* nssl0043.jpg */; };
		B5902DAF2A50AD0E0006AB8E /* nssl0033.jpg in Resources */ = {isa = PBXBuildFile; fileRef = B5902DA52A50AD0E0006AB8E /* nssl0033.jpg */; };
		B5902DB02A50AD0E0006AB8E /* nssl0034.jpg in Resources */ = {isa = PBXBuildFile; fileRef = B5902DA62A50AD0E0006AB8E /* nssl0034.jpg */; };
		B5C01E372A523294002CBDD7 /* DetailViewController.swift in Sources */ = {isa = PBXBuildFile; fileRef = B5C01E362A523294002CBDD7 /* DetailViewController.swift */; };
/* End PBXBuildFile section */

/* Begin PBXFileReference section */
		B530D8A22A72FC48005F5A4E /* Picture.swift */ = {isa = PBXFileReference; fileEncoding = 4; lastKnownFileType = sourcecode.swift; path = Picture.swift; sourceTree = "<group>"; };
		B5902D832A50A8030006AB8E /* Project1.app */ = {isa = PBXFileReference; explicitFileType = wrapper.application; includeInIndex = 0; path = Project1.app; sourceTree = BUILT_PRODUCTS_DIR; };
		B5902D862A50A8030006AB8E /* AppDelegate.swift */ = {isa = PBXFileReference; lastKnownFileType = sourcecode.swift; path = AppDelegate.swift; sourceTree = "<group>"; };
		B5902D882A50A8030006AB8E /* SceneDelegate.swift */ = {isa = PBXFileReference; lastKnownFileType = sourcecode.swift; path = SceneDelegate.swift; sourceTree = "<group>"; };
		B5902D8A2A50A8030006AB8E /* ViewController.swift */ = {isa = PBXFileReference; lastKnownFileType = sourcecode.swift; path = ViewController.swift; sourceTree = "<group>"; };
		B5902D8D2A50A8030006AB8E /* Base */ = {isa = PBXFileReference; lastKnownFileType = file.storyboard; name = Base; path = Base.lproj/Main.storyboard; sourceTree = "<group>"; };
		B5902D8F2A50A8050006AB8E /* Assets.xcassets */ = {isa = PBXFileReference; lastKnownFileType = folder.assetcatalog; path = Assets.xcassets; sourceTree = "<group>"; };
		B5902D922A50A8050006AB8E /* Base */ = {isa = PBXFileReference; lastKnownFileType = file.storyboard; name = Base; path = Base.lproj/LaunchScreen.storyboard; sourceTree = "<group>"; };
		B5902D942A50A8050006AB8E /* Info.plist */ = {isa = PBXFileReference; lastKnownFileType = text.plist.xml; path = Info.plist; sourceTree = "<group>"; };
		B5902D9D2A50AD0E0006AB8E /* nssl0049.jpg */ = {isa = PBXFileReference; lastKnownFileType = image.jpeg; path = nssl0049.jpg; sourceTree = "<group>"; };
		B5902D9E2A50AD0E0006AB8E /* nssl0046.jpg */ = {isa = PBXFileReference; lastKnownFileType = image.jpeg; path = nssl0046.jpg; sourceTree = "<group>"; };
		B5902D9F2A50AD0E0006AB8E /* nssl0091.jpg */ = {isa = PBXFileReference; lastKnownFileType = image.jpeg; path = nssl0091.jpg; sourceTree = "<group>"; };
		B5902DA02A50AD0E0006AB8E /* nssl0045.jpg */ = {isa = PBXFileReference; lastKnownFileType = image.jpeg; path = nssl0045.jpg; sourceTree = "<group>"; };
		B5902DA12A50AD0E0006AB8E /* nssl0051.jpg */ = {isa = PBXFileReference; lastKnownFileType = image.jpeg; path = nssl0051.jpg; sourceTree = "<group>"; };
		B5902DA22A50AD0E0006AB8E /* nssl0041.jpg */ = {isa = PBXFileReference; lastKnownFileType = image.jpeg; path = nssl0041.jpg; sourceTree = "<group>"; };
		B5902DA32A50AD0E0006AB8E /* nssl0042.jpg */ = {isa = PBXFileReference; lastKnownFileType = image.jpeg; path = nssl0042.jpg; sourceTree = "<group>"; };
		B5902DA42A50AD0E0006AB8E /* nssl0043.jpg */ = {isa = PBXFileReference; lastKnownFileType = image.jpeg; path = nssl0043.jpg; sourceTree = "<group>"; };
		B5902DA52A50AD0E0006AB8E /* nssl0033.jpg */ = {isa = PBXFileReference; lastKnownFileType = image.jpeg; path = nssl0033.jpg; sourceTree = "<group>"; };
		B5902DA62A50AD0E0006AB8E /* nssl0034.jpg */ = {isa = PBXFileReference; lastKnownFileType = image.jpeg; path = nssl0034.jpg; sourceTree = "<group>"; };
		B5C01E362A523294002CBDD7 /* DetailViewController.swift */ = {isa = PBXFileReference; lastKnownFileType = sourcecode.swift; path = DetailViewController.swift; sourceTree = "<group>"; };
/* End PBXFileReference section */

/* Begin PBXFrameworksBuildPhase section */
		B5902D802A50A8030006AB8E /* Frameworks */ = {
			isa = PBXFrameworksBuildPhase;
			buildActionMask = 2147483647;
			files = (
			);
			runOnlyForDeploymentPostprocessing = 0;
		};
/* End PBXFrameworksBuildPhase section */

/* Begin PBXGroup section */
		B5902D7A2A50A8030006AB8E = {
			isa = PBXGroup;
			children = (
				B5902D852A50A8030006AB8E /* Project1 */,
				B5902D842A50A8030006AB8E /* Products */,
			);
			sourceTree = "<group>";
		};
		B5902D842A50A8030006AB8E /* Products */ = {
			isa = PBXGroup;
			children = (
				B5902D832A50A8030006AB8E /* Project1.app */,
			);
			name = Products;
			sourceTree = "<group>";
		};
		B5902D852A50A8030006AB8E /* Project1 */ = {
			isa = PBXGroup;
			children = (
				B5902D862A50A8030006AB8E /* AppDelegate.swift */,
				B5902D882A50A8030006AB8E /* SceneDelegate.swift */,
				B5902D8A2A50A8030006AB8E /* ViewController.swift */,
				B5C01E362A523294002CBDD7 /* DetailViewController.swift */,
				B530D8A22A72FC48005F5A4E /* Picture.swift */,
				B5902D8C2A50A8030006AB8E /* Main.storyboard */,
				B5902D912A50A8050006AB8E /* LaunchScreen.storyboard */,
				B5902D8F2A50A8050006AB8E /* Assets.xcassets */,
				B5902D942A50A8050006AB8E /* Info.plist */,
				B5902D9C2A50AD0E0006AB8E /* Content */,
			);
			path = Project1;
			sourceTree = "<group>";
		};
		B5902D9C2A50AD0E0006AB8E /* Content */ = {
			isa = PBXGroup;
			children = (
				B5902D9D2A50AD0E0006AB8E /* nssl0049.jpg */,
				B5902D9E2A50AD0E0006AB8E /* nssl0046.jpg */,
				B5902D9F2A50AD0E0006AB8E /* nssl0091.jpg */,
				B5902DA02A50AD0E0006AB8E /* nssl0045.jpg */,
				B5902DA12A50AD0E0006AB8E /* nssl0051.jpg */,
				B5902DA22A50AD0E0006AB8E /* nssl0041.jpg */,
				B5902DA32A50AD0E0006AB8E /* nssl0042.jpg */,
				B5902DA42A50AD0E0006AB8E /* nssl0043.jpg */,
				B5902DA52A50AD0E0006AB8E /* nssl0033.jpg */,
				B5902DA62A50AD0E0006AB8E /* nssl0034.jpg */,
			);
			path = Content;
			sourceTree = "<group>";
		};
/* End PBXGroup section */

/* Begin PBXNativeTarget section */
		B5902D822A50A8030006AB8E /* Project1 */ = {
			isa = PBXNativeTarget;
			buildConfigurationList = B5902D972A50A8050006AB8E /* Build configuration list for PBXNativeTarget "Project1" */;
			buildPhases = (
				B5902D7F2A50A8030006AB8E /* Sources */,
				B5902D802A50A8030006AB8E /* Frameworks */,
				B5902D812A50A8030006AB8E /* Resources */,
			);
			buildRules = (
			);
			dependencies = (
			);
			name = Project1;
			productName = Project1;
			productReference = B5902D832A50A8030006AB8E /* Project1.app */;
			productType = "com.apple.product-type.application";
		};
/* End PBXNativeTarget section */

/* Begin PBXProject section */
		B5902D7B2A50A8030006AB8E /* Project object */ = {
			isa = PBXProject;
			attributes = {
				BuildIndependentTargetsInParallel = 1;
				LastSwiftUpdateCheck = 1430;
				LastUpgradeCheck = 1430;
				TargetAttributes = {
					B5902D822A50A8030006AB8E = {
						CreatedOnToolsVersion = 14.3.1;
					};
				};
			};
			buildConfigurationList = B5902D7E2A50A8030006AB8E /* Build configuration list for PBXProject "Project1" */;
			compatibilityVersion = "Xcode 14.0";
			developmentRegion = en;
			hasScannedForEncodings = 0;
			knownRegions = (
				en,
				Base,
			);
			mainGroup = B5902D7A2A50A8030006AB8E;
			productRefGroup = B5902D842A50A8030006AB8E /* Products */;
			projectDirPath = "";
			projectRoot = "";
			targets = (
				B5902D822A50A8030006AB8E /* Project1 */,
			);
		};
/* End PBXProject section */

/* Begin PBXResourcesBuildPhase section */
		B5902D812A50A8030006AB8E /* Resources */ = {
			isa = PBXResourcesBuildPhase;
			buildActionMask = 2147483647;
			files = (
				B5902DA82A50AD0E0006AB8E /* nssl0046.jpg in Resources */,
				B5902DAF2A50AD0E0006AB8E /* nssl0033.jpg in Resources */,
				B5902DAB2A50AD0E0006AB8E /* nssl0051.jpg in Resources */,
				B5902DA92A50AD0E0006AB8E /* nssl0091.jpg in Resources */,
				B5902DAE2A50AD0E0006AB8E /* nssl0043.jpg in Resources */,
				B5902DB02A50AD0E0006AB8E /* nssl0034.jpg in Resources */,
				B5902DA72A50AD0E0006AB8E /* nssl0049.jpg in Resources */,
				B5902DAC2A50AD0E0006AB8E /* nssl0041.jpg in Resources */,
				B5902DAD2A50AD0E0006AB8E /* nssl0042.jpg in Resources */,
				B5902D932A50A8050006AB8E /* LaunchScreen.storyboard in Resources */,
				B5902D902A50A8050006AB8E /* Assets.xcassets in Resources */,
				B5902DAA2A50AD0E0006AB8E /* nssl0045.jpg in Resources */,
				B5902D8E2A50A8030006AB8E /* Main.storyboard in Resources */,
			);
			runOnlyForDeploymentPostprocessing = 0;
		};
/* End PBXResourcesBuildPhase section */

/* Begin PBXSourcesBuildPhase section */
		B5902D7F2A50A8030006AB8E /* Sources */ = {
			isa = PBXSourcesBuildPhase;
			buildActionMask = 2147483647;
			files = (
				B5902D8B2A50A8030006AB8E /* ViewController.swift in Sources */,
				B530D8A32A72FC49005F5A4E /* Picture.swift in Sources */,
				B5902D872A50A8030006AB8E /* AppDelegate.swift in Sources */,
				B5902D892A50A8030006AB8E /* SceneDelegate.swift in Sources */,
				B5C01E372A523294002CBDD7 /* DetailViewController.swift in Sources */,
			);
			runOnlyForDeploymentPostprocessing = 0;
		};
/* End PBXSourcesBuildPhase section */

/* Begin PBXVariantGroup section */
		B5902D8C2A50A8030006AB8E /* Main.storyboard */ = {
			isa = PBXVariantGroup;
			children = (
				B5902D8D2A50A8030006AB8E /* Base */,
			);
			name = Main.storyboard;
			sourceTree = "<group>";
		};
		B5902D912A50A8050006AB8E /* LaunchScreen.storyboard */ = {
			isa = PBXVariantGroup;
			children = (
				B5902D922A50A8050006AB8E /* Base */,
			);
			name = LaunchScreen.storyboard;
			sourceTree = "<group>";
		};
/* End PBXVariantGroup section */

/* Begin XCBuildConfiguration section */
		B5902D952A50A8050006AB8E /* Debug */ = {
			isa = XCBuildConfiguration;
			buildSettings = {
				ALWAYS_SEARCH_USER_PATHS = NO;
				CLANG_ANALYZER_NONNULL = YES;
				CLANG_ANALYZER_NUMBER_OBJECT_CONVERSION = YES_AGGRESSIVE;
				CLANG_CXX_LANGUAGE_STANDARD = "gnu++20";
				CLANG_ENABLE_MODULES = YES;
				CLANG_ENABLE_OBJC_ARC = YES;
				CLANG_ENABLE_OBJC_WEAK = YES;
				CLANG_WARN_BLOCK_CAPTURE_AUTORELEASING = YES;
				CLANG_WARN_BOOL_CONVERSION = YES;
				CLANG_WARN_COMMA = YES;
				CLANG_WARN_CONSTANT_CONVERSION = YES;
				CLANG_WARN_DEPRECATED_OBJC_IMPLEMENTATIONS = YES;
				CLANG_WARN_DIRECT_OBJC_ISA_USAGE = YES_ERROR;
				CLANG_WARN_DOCUMENTATION_COMMENTS = YES;
				CLANG_WARN_EMPTY_BODY = YES;
				CLANG_WARN_ENUM_CONVERSION = YES;
				CLANG_WARN_INFINITE_RECURSION = YES;
				CLANG_WARN_INT_CONVERSION = YES;
				CLANG_WARN_NON_LITERAL_NULL_CONVERSION = YES;
				CLANG_WARN_OBJC_IMPLICIT_RETAIN_SELF = YES;
				CLANG_WARN_OBJC_LITERAL_CONVERSION = YES;
				CLANG_WARN_OBJC_ROOT_CLASS = YES_ERROR;
				CLANG_WARN_QUOTED_INCLUDE_IN_FRAMEWORK_HEADER = YES;
				CLANG_WARN_RANGE_LOOP_ANALYSIS = YES;
				CLANG_WARN_STRICT_PROTOTYPES = YES;
				CLANG_WARN_SUSPICIOUS_MOVE = YES;
				CLANG_WARN_UNGUARDED_AVAILABILITY = YES_AGGRESSIVE;
				CLANG_WARN_UNREACHABLE_CODE = YES;
				CLANG_WARN__DUPLICATE_METHOD_MATCH = YES;
				COPY_PHASE_STRIP = NO;
				DEBUG_INFORMATION_FORMAT = dwarf;
				ENABLE_STRICT_OBJC_MSGSEND = YES;
				ENABLE_TESTABILITY = YES;
				GCC_C_LANGUAGE_STANDARD = gnu11;
				GCC_DYNAMIC_NO_PIC = NO;
				GCC_NO_COMMON_BLOCKS = YES;
				GCC_OPTIMIZATION_LEVEL = 0;
				GCC_PREPROCESSOR_DEFINITIONS = (
					"DEBUG=1",
					"$(inherited)",
				);
				GCC_WARN_64_TO_32_BIT_CONVERSION = YES;
				GCC_WARN_ABOUT_RETURN_TYPE = YES_ERROR;
				GCC_WARN_UNDECLARED_SELECTOR = YES;
				GCC_WARN_UNINITIALIZED_AUTOS = YES_AGGRESSIVE;
				GCC_WARN_UNUSED_FUNCTION = YES;
				GCC_WARN_UNUSED_VARIABLE = YES;
				IPHONEOS_DEPLOYMENT_TARGET = 16.4;
				MTL_ENABLE_DEBUG_INFO = INCLUDE_SOURCE;
				MTL_FAST_MATH = YES;
				ONLY_ACTIVE_ARCH = YES;
				SDKROOT = iphoneos;
				SWIFT_ACTIVE_COMPILATION_CONDITIONS = DEBUG;
				SWIFT_OPTIMIZATION_LEVEL = "-Onone";
			};
			name = Debug;
		};
		B5902D962A50A8050006AB8E /* Release */ = {
			isa = XCBuildConfiguration;
			buildSettings = {
				ALWAYS_SEARCH_USER_PATHS = NO;
				CLANG_ANALYZER_NONNULL = YES;
				CLANG_ANALYZER_NUMBER_OBJECT_CONVERSION = YES_AGGRESSIVE;
				CLANG_CXX_LANGUAGE_STANDARD = "gnu++20";
				CLANG_ENABLE_MODULES = YES;
				CLANG_ENABLE_OBJC_ARC = YES;
				CLANG_ENABLE_OBJC_WEAK = YES;
				CLANG_WARN_BLOCK_CAPTURE_AUTORELEASING = YES;
				CLANG_WARN_BOOL_CONVERSION = YES;
				CLANG_WARN_COMMA = YES;
				CLANG_WARN_CONSTANT_CONVERSION = YES;
				CLANG_WARN_DEPRECATED_OBJC_IMPLEMENTATIONS = YES;
				CLANG_WARN_DIRECT_OBJC_ISA_USAGE = YES_ERROR;
				CLANG_WARN_DOCUMENTATION_COMMENTS = YES;
				CLANG_WARN_EMPTY_BODY = YES;
				CLANG_WARN_ENUM_CONVERSION = YES;
				CLANG_WARN_INFINITE_RECURSION = YES;
				CLANG_WARN_INT_CONVERSION = YES;
				CLANG_WARN_NON_LITERAL_NULL_CONVERSION = YES;
				CLANG_WARN_OBJC_IMPLICIT_RETAIN_SELF = YES;
				CLANG_WARN_OBJC_LITERAL_CONVERSION = YES;
				CLANG_WARN_OBJC_ROOT_CLASS = YES_ERROR;
				CLANG_WARN_QUOTED_INCLUDE_IN_FRAMEWORK_HEADER = YES;
				CLANG_WARN_RANGE_LOOP_ANALYSIS = YES;
				CLANG_WARN_STRICT_PROTOTYPES = YES;
				CLANG_WARN_SUSPICIOUS_MOVE = YES;
				CLANG_WARN_UNGUARDED_AVAILABILITY = YES_AGGRESSIVE;
				CLANG_WARN_UNREACHABLE_CODE = YES;
				CLANG_WARN__DUPLICATE_METHOD_MATCH = YES;
				COPY_PHASE_STRIP = NO;
				DEBUG_INFORMATION_FORMAT = "dwarf-with-dsym";
				ENABLE_NS_ASSERTIONS = NO;
				ENABLE_STRICT_OBJC_MSGSEND = YES;
				GCC_C_LANGUAGE_STANDARD = gnu11;
				GCC_NO_COMMON_BLOCKS = YES;
				GCC_WARN_64_TO_32_BIT_CONVERSION = YES;
				GCC_WARN_ABOUT_RETURN_TYPE = YES_ERROR;
				GCC_WARN_UNDECLARED_SELECTOR = YES;
				GCC_WARN_UNINITIALIZED_AUTOS = YES_AGGRESSIVE;
				GCC_WARN_UNUSED_FUNCTION = YES;
				GCC_WARN_UNUSED_VARIABLE = YES;
				IPHONEOS_DEPLOYMENT_TARGET = 16.4;
				MTL_ENABLE_DEBUG_INFO = NO;
				MTL_FAST_MATH = YES;
				SDKROOT = iphoneos;
				SWIFT_COMPILATION_MODE = wholemodule;
				SWIFT_OPTIMIZATION_LEVEL = "-O";
				VALIDATE_PRODUCT = YES;
			};
			name = Release;
		};
		B5902D982A50A8050006AB8E /* Debug */ = {
			isa = XCBuildConfiguration;
			buildSettings = {
				ASSETCATALOG_COMPILER_APPICON_NAME = AppIcon;
				ASSETCATALOG_COMPILER_GLOBAL_ACCENT_COLOR_NAME = AccentColor;
				CODE_SIGN_STYLE = Automatic;
				CURRENT_PROJECT_VERSION = 1;
				GENERATE_INFOPLIST_FILE = YES;
				INFOPLIST_FILE = Project1/Info.plist;
				INFOPLIST_KEY_UIApplicationSupportsIndirectInputEvents = YES;
				INFOPLIST_KEY_UILaunchStoryboardName = LaunchScreen;
				INFOPLIST_KEY_UIMainStoryboardFile = Main;
				INFOPLIST_KEY_UISupportedInterfaceOrientations_iPad = "UIInterfaceOrientationPortrait UIInterfaceOrientationPortraitUpsideDown UIInterfaceOrientationLandscapeLeft UIInterfaceOrientationLandscapeRight";
				INFOPLIST_KEY_UISupportedInterfaceOrientations_iPhone = "UIInterfaceOrientationPortrait UIInterfaceOrientationLandscapeLeft UIInterfaceOrientationLandscapeRight";
				LD_RUNPATH_SEARCH_PATHS = (
					"$(inherited)",
					"@executable_path/Frameworks",
				);
				MARKETING_VERSION = 1.0;
				PRODUCT_BUNDLE_IDENTIFIER = com.tmf.Project1;
				PRODUCT_NAME = "$(TARGET_NAME)";
				SWIFT_EMIT_LOC_STRINGS = YES;
				SWIFT_VERSION = 5.0;
				TARGETED_DEVICE_FAMILY = "1,2";
			};
			name = Debug;
		};
		B5902D992A50A8050006AB8E /* Release */ = {
			isa = XCBuildConfiguration;
			buildSettings = {
				ASSETCATALOG_COMPILER_APPICON_NAME = AppIcon;
				ASSETCATALOG_COMPILER_GLOBAL_ACCENT_COLOR_NAME = AccentColor;
				CODE_SIGN_STYLE = Automatic;
				CURRENT_PROJECT_VERSION = 1;
				GENERATE_INFOPLIST_FILE = YES;
				INFOPLIST_FILE = Project1/Info.plist;
				INFOPLIST_KEY_UIApplicationSupportsIndirectInputEvents = YES;
				INFOPLIST_KEY_UILaunchStoryboardName = LaunchScreen;
				INFOPLIST_KEY_UIMainStoryboardFile = Main;
				INFOPLIST_KEY_UISupportedInterfaceOrientations_iPad = "UIInterfaceOrientationPortrait UIInterfaceOrientationPortraitUpsideDown UIInterfaceOrientationLandscapeLeft UIInterfaceOrientationLandscapeRight";
				INFOPLIST_KEY_UISupportedInterfaceOrientations_iPhone = "UIInterfaceOrientationPortrait UIInterfaceOrientationLandscapeLeft UIInterfaceOrientationLandscapeRight";
				LD_RUNPATH_SEARCH_PATHS = (
					"$(inherited)",
					"@executable_path/Frameworks",
				);
				MARKETING_VERSION = 1.0;
				PRODUCT_BUNDLE_IDENTIFIER = com.tmf.Project1;
				PRODUCT_NAME = "$(TARGET_NAME)";
				SWIFT_EMIT_LOC_STRINGS = YES;
				SWIFT_VERSION = 5.0;
				TARGETED_DEVICE_FAMILY = "1,2";
			};
			name = Release;
		};
/* End XCBuildConfiguration section */

/* Begin XCConfigurationList section */
		B5902D7E2A50A8030006AB8E /* Build configuration list for PBXProject "Project1" */ = {
			isa = XCConfigurationList;
			buildConfigurations = (
				B5902D952A50A8050006AB8E /* Debug */,
				B5902D962A50A8050006AB8E /* Release */,
			);
			defaultConfigurationIsVisible = 0;
			defaultConfigurationName = Release;
		};
		B5902D972A50A8050006AB8E /* Build configuration list for PBXNativeTarget "Project1" */ = {
			isa = XCConfigurationList;
			buildConfigurations = (
				B5902D982A50A8050006AB8E /* Debug */,
				B5902D992A50A8050006AB8E /* Release */,
			);
			defaultConfigurationIsVisible = 0;
			defaultConfigurationName = Release;
		};
/* End XCConfigurationList section */
	};
	rootObject = B5902D7B2A50A8030006AB8E /* Project object */;
}
